
Microsoft Visual Studio Solution File, Format Version 12.00
# Visual Studio Version 16
VisualStudioVersion = 16.0.30523.141
MinimumVisualStudioVersion = 10.0.40219.1
Project("{FAE04EC0-301F-11D3-BF4B-00C04F79EFBC}") = "Financology.Watchlist", "Financology.Watchlist\Financology.Watchlist.csproj", "{4C9A0082-EA99-4CC2-94F1-2EBF826B7183}"
EndProject
Project("{FAE04EC0-301F-11D3-BF4B-00C04F79EFBC}") = "Financology.APIFactory", "Financology.APIFactory\Financology.APIFactory.csproj", "{9E25C76D-9987-407C-A707-3E42D1E81E24}"
EndProject
Project("{FAE04EC0-301F-11D3-BF4B-00C04F79EFBC}") = "Financology.BusinessObjects", "Financology.BusinessObjects\Financology.BusinessObjects.csproj", "{899D6273-67F3-4E7C-8C82-C370A6561559}"
EndProject
Project("{FAE04EC0-301F-11D3-BF4B-00C04F79EFBC}") = "Financology.BusinessLogic", "Financology.BusinessLogic\Financology.BusinessLogic.csproj", "{2C43B58A-3CD5-41E0-ABAE-85070A95605C}"
EndProject
Project("{FAE04EC0-301F-11D3-BF4B-00C04F79EFBC}") = "Financology.YahooAPIManager", "Financology.YahooAPIManager\Financology.YahooAPIManager.csproj", "{A526BF5B-E46F-431C-9F6C-4709D8AC66BD}"
EndProject
Global
	GlobalSection(SolutionConfigurationPlatforms) = preSolution
		Debug|Any CPU = Debug|Any CPU
		Release|Any CPU = Release|Any CPU
	EndGlobalSection
	GlobalSection(ProjectConfigurationPlatforms) = postSolution
		{4C9A0082-EA99-4CC2-94F1-2EBF826B7183}.Debug|Any CPU.ActiveCfg = Debug|Any CPU
		{4C9A0082-EA99-4CC2-94F1-2EBF826B7183}.Debug|Any CPU.Build.0 = Debug|Any CPU
		{4C9A0082-EA99-4CC2-94F1-2EBF826B7183}.Release|Any CPU.ActiveCfg = Release|Any CPU
		{4C9A0082-EA99-4CC2-94F1-2EBF826B7183}.Release|Any CPU.Build.0 = Release|Any CPU
		{9E25C76D-9987-407C-A707-3E42D1E81E24}.Debug|Any CPU.ActiveCfg = Debug|Any CPU
		{9E25C76D-9987-407C-A707-3E42D1E81E24}.Debug|Any CPU.Build.0 = Debug|Any CPU
		{9E25C76D-9987-407C-A707-3E42D1E81E24}.Release|Any CPU.ActiveCfg = Release|Any CPU
		{9E25C76D-9987-407C-A707-3E42D1E81E24}.Release|Any CPU.Build.0 = Release|Any CPU
		{899D6273-67F3-4E7C-8C82-C370A6561559}.Debug|Any CPU.ActiveCfg = Debug|Any CPU
		{899D6273-67F3-4E7C-8C82-C370A6561559}.Debug|Any CPU.Build.0 = Debug|Any CPU
		{899D6273-67F3-4E7C-8C82-C370A6561559}.Release|Any CPU.ActiveCfg = Release|Any CPU
		{899D6273-67F3-4E7C-8C82-C370A6561559}.Release|Any CPU.Build.0 = Release|Any CPU
		{2C43B58A-3CD5-41E0-ABAE-85070A95605C}.Debug|Any CPU.ActiveCfg = Debug|Any CPU
		{2C43B58A-3CD5-41E0-ABAE-85070A95605C}.Debug|Any CPU.Build.0 = Debug|Any CPU
		{2C43B58A-3CD5-41E0-ABAE-85070A95605C}.Release|Any CPU.ActiveCfg = Release|Any CPU
		{2C43B58A-3CD5-41E0-ABAE-85070A95605C}.Release|Any CPU.Build.0 = Release|Any CPU
		{A526BF5B-E46F-431C-9F6C-4709D8AC66BD}.Debug|Any CPU.ActiveCfg = Debug|Any CPU
		{A526BF5B-E46F-431C-9F6C-4709D8AC66BD}.Debug|Any CPU.Build.0 = Debug|Any CPU
		{A526BF5B-E46F-431C-9F6C-4709D8AC66BD}.Release|Any CPU.ActiveCfg = Release|Any CPU
		{A526BF5B-E46F-431C-9F6C-4709D8AC66BD}.Release|Any CPU.Build.0 = Release|Any CPU
	EndGlobalSection
	GlobalSection(SolutionProperties) = preSolution
		HideSolutionNode = FALSE
	EndGlobalSection
	GlobalSection(ExtensibilityGlobals) = postSolution
		SolutionGuid = {294DD78B-7962-4E96-A7DC-63FA8C46691E}
	EndGlobalSection
EndGlobal
